{
  "originHash" : "be920983d819d336e9a7492c04ca37e6703a41c31cc7cf3c33e1ccf5dcdb5ea8",
  "pins" : [
    {
      "identity" : "jxl-coder-swift",
      "kind" : "remoteSourceControl",
      "location" : "https://github.com/awxkee/jxl-coder-swift.git",
      "state" : {
        "revision" : "179264567c7dc0dd489859d5572773222358a7f5",
        "version" : "1.7.3"
      }
    },
    {
      "identity" : "swift-snapshot-testing",
      "kind" : "remoteSourceControl",
      "location" : "https://github.com/mackoj/swift-snapshot-testing.git",
      "state" : {
        "branch" : "b899f13",
        "revision" : "b899f13e313ff42c9c3653e7994374debc069040"
      }
    },
    {
      "identity" : "swift-syntax",
      "kind" : "remoteSourceControl",
      "location" : "https://github.com/swiftlang/swift-syntax",
      "state" : {
        "revision" : "515f79b522918f83483068d99c68daeb5116342d",
        "version" : "600.0.0-prerelease-2024-09-04"
      }
    }
  ],
  "version" : 3
}
