{
  "originHash" : "3b7d585a3997ee8a7eb1eaab1df6faf3907a6666fea2c1a3738f1e9361c4bfe6",
  "pins" : [
    {
      "identity" : "jxl-coder-swift",
      "kind" : "remoteSourceControl",
      "location" : "https://github.com/awxkee/jxl-coder-swift.git",
      "state" : {
        "revision" : "179264567c7dc0dd489859d5572773222358a7f5",
        "version" : "1.7.3"
      }
    },
    {
      "identity" : "swift-snapshot-testing",
      "kind" : "remoteSourceControl",
      "location" : "https://github.com/mackoj/swift-snapshot-testing.git",
      "state" : {
        "branch" : "3ff01db",
        "revision" : "3ff01dba16b5ad437428b531ee366ff7a471c692"
      }
    },
    {
      "identity" : "swift-syntax",
      "kind" : "remoteSourceControl",
      "location" : "https://github.com/swiftlang/swift-syntax",
      "state" : {
        "revision" : "515f79b522918f83483068d99c68daeb5116342d",
        "version" : "600.0.0-prerelease-2024-09-04"
      }
    }
  ],
  "version" : 3
}
