{
  "originHash" : "adf15d3c54c3df0e5dea06918eb757bac355589650f79f185870cc2b47f3b0a4",
  "pins" : [
    {
      "identity" : "jxl-coder-swift",
      "kind" : "remoteSourceControl",
      "location" : "https://github.com/awxkee/jxl-coder-swift.git",
      "state" : {
        "revision" : "179264567c7dc0dd489859d5572773222358a7f5",
        "version" : "1.7.3"
      }
    },
    {
      "identity" : "swift-snapshot-testing",
      "kind" : "remoteSourceControl",
      "location" : "https://github.com/mackoj/swift-snapshot-testing.git",
      "state" : {
        "branch" : "1cb2b12",
        "revision" : "1cb2b121972769ac602b61ff61c1431aef167363"
      }
    },
    {
      "identity" : "swift-syntax",
      "kind" : "remoteSourceControl",
      "location" : "https://github.com/swiftlang/swift-syntax",
      "state" : {
        "revision" : "515f79b522918f83483068d99c68daeb5116342d",
        "version" : "600.0.0-prerelease-2024-09-04"
      }
    }
  ],
  "version" : 3
}
